{
  "nodes": {
    "darwin": {
      "inputs": {
        "nixpkgs": [
          "nixpkgs"
        ]
      },
      "locked": {
        "lastModified": 1690431538,
        "narHash": "sha256-Uml8ivMMOFPB9fNSDcw72imGHRdJpaK12sRm2DTLLe8=",
        "owner": "lnl7",
        "repo": "nix-darwin",
        "rev": "16c07487ac9bc59f58b121d13160c67befa3342e",
        "type": "github"
      },
      "original": {
        "owner": "lnl7",
        "ref": "master",
        "repo": "nix-darwin",
        "type": "github"
      }
    },
    "doom-emacs": {
      "flake": false,
      "locked": {
        "lastModified": 1690407098,
        "narHash": "sha256-J8UdeBmPRpu/sZ69iIfbuz2b3uFqzhrpZHw4M1PA0Ck=",
        "owner": "hlissner",
        "repo": "doom-emacs",
        "rev": "90b1b221fe7c20f2edef341a780e194cd22c7daa",
        "type": "github"
      },
      "original": {
        "owner": "hlissner",
        "ref": "master",
        "repo": "doom-emacs",
        "type": "github"
      }
    },
    "emacs-overlay": {
      "inputs": {
        "flake-utils": "flake-utils",
        "nixpkgs": "nixpkgs",
        "nixpkgs-stable": "nixpkgs-stable"
      },
      "locked": {
        "lastModified": 1690886209,
        "narHash": "sha256-Rtp3tsi6IaO4xQ8nDJCprMDeO1g/j1kNu7ByRv53vlU=",
        "owner": "nix-community",
        "repo": "emacs-overlay",
        "rev": "427290aa4ff074cfe31f3abd439bb9d1d24f6fc8",
        "type": "github"
      },
      "original": {
        "owner": "nix-community",
        "repo": "emacs-overlay",
        "type": "github"
      }
    },
    "flake-utils": {
      "inputs": {
        "systems": "systems"
      },
      "locked": {
        "lastModified": 1689068808,
        "narHash": "sha256-6ixXo3wt24N/melDWjq70UuHQLxGV8jZvooRanIHXw0=",
        "owner": "numtide",
        "repo": "flake-utils",
        "rev": "919d646de7be200f3bf08cb76ae1f09402b6f9b4",
        "type": "github"
      },
      "original": {
        "owner": "numtide",
        "repo": "flake-utils",
        "type": "github"
      }
    },
    "gomodifytags": {
      "flake": false,
      "locked": {
        "lastModified": 1689597960,
        "narHash": "sha256-v8OFbmQvdgYTUXyEGNqHjR8Vpg73l5mpkFezlJnXhJc=",
        "owner": "fatih",
        "repo": "gomodifytags",
        "rev": "19c1ba3e50bc448b161c6b7462ce23b1c91c5ff4",
        "type": "github"
      },
      "original": {
        "owner": "fatih",
        "repo": "gomodifytags",
        "type": "github"
      }
    },
    "gore": {
      "flake": false,
      "locked": {
        "lastModified": 1672467177,
        "narHash": "sha256-Z2WOgkgi/JK/s0961FvgboJwYtxbFdRSzzPiE74SVaY=",
        "owner": "motemen",
        "repo": "gore",
        "rev": "49bec6327f0b6552c0863882d8a36c0f6379456a",
        "type": "github"
      },
      "original": {
        "owner": "motemen",
        "ref": "main",
        "repo": "gore",
        "type": "github"
      }
    },
    "gotests": {
      "flake": false,
      "locked": {
        "lastModified": 1621798522,
        "narHash": "sha256-/23DWiw8bQqf49/8KEKe/z8w7FC+yjbDr29bjrGQd7w=",
        "owner": "cweill",
        "repo": "gotests",
        "rev": "16a93f6eb6519118b1d282e2f233596a98dd7e96",
        "type": "github"
      },
      "original": {
        "owner": "cweill",
        "ref": "develop",
        "repo": "gotests",
        "type": "github"
      }
    },
    "gotools": {
      "flake": false,
      "locked": {
        "lastModified": 1690818450,
        "narHash": "sha256-ns3wfGVESfwzZODs+AVcGUprWrORDMMrWlQ8OT7JHnY=",
        "ref": "refs/heads/master",
        "rev": "3d20bbe0fb2f6c3c3b340ce4d0bbcd1ad880071c",
        "revCount": 7705,
        "type": "git",
        "url": "https://go.googlesource.com/tools"
      },
      "original": {
        "type": "git",
        "url": "https://go.googlesource.com/tools"
      }
    },
    "home-manager": {
      "inputs": {
        "nixpkgs": "nixpkgs_2"
      },
      "locked": {
        "lastModified": 1690887397,
        "narHash": "sha256-ckasuN7MgAiDgLkUo1IdEq8FEKymcUWKzmY6/R9KOOo=",
        "owner": "nix-community",
        "repo": "home-manager",
        "rev": "4542db605602898fe0c431e19f01e1af2865dae8",
        "type": "github"
      },
      "original": {
        "owner": "nix-community",
        "repo": "home-manager",
        "type": "github"
      }
    },
    "nixpkgs": {
      "locked": {
        "lastModified": 1690789960,
        "narHash": "sha256-3K+2HuyGTiJUSZNJxXXvc0qj4xFx1FHC/ItYtEa7/Xs=",
        "owner": "NixOS",
        "repo": "nixpkgs",
        "rev": "fb942492b7accdee4e6d17f5447091c65897dde4",
        "type": "github"
      },
      "original": {
        "owner": "NixOS",
        "ref": "nixos-unstable",
        "repo": "nixpkgs",
        "type": "github"
      }
    },
    "nixpkgs-small": {
      "locked": {
        "lastModified": 1690860117,
        "narHash": "sha256-srkCfjMlg777HxDVMfhkIFgRhhtuZjIOIyR2ejLYK+Y=",
        "owner": "nixos",
        "repo": "nixpkgs",
        "rev": "96d403ee2479f2070050353b94808209f1352edb",
        "type": "github"
      },
      "original": {
        "owner": "nixos",
        "ref": "nixos-unstable-small",
        "repo": "nixpkgs",
        "type": "github"
      }
    },
    "nixpkgs-stable": {
      "locked": {
        "lastModified": 1690726002,
        "narHash": "sha256-cACz6jCJZtsZHGCJAN4vMobxzH5s6FCOTZHMrh/Hu0M=",
        "owner": "NixOS",
        "repo": "nixpkgs",
        "rev": "391e8db1f06c3f74c2d313a73135515023af3993",
        "type": "github"
      },
      "original": {
        "owner": "NixOS",
        "ref": "nixos-23.05",
        "repo": "nixpkgs",
        "type": "github"
      }
    },
    "nixpkgs-stable_2": {
      "locked": {
        "lastModified": 1659446231,
        "narHash": "sha256-hekabNdTdgR/iLsgce5TGWmfIDZ86qjPhxDg/8TlzhE=",
        "owner": "nixos",
        "repo": "nixpkgs",
        "rev": "eabc38219184cc3e04a974fe31857d8e0eac098d",
        "type": "github"
      },
      "original": {
        "owner": "nixos",
        "ref": "nixos-21.11",
        "repo": "nixpkgs",
        "type": "github"
      }
    },
    "nixpkgs-stable_3": {
      "locked": {
        "lastModified": 1690066826,
        "narHash": "sha256-6L2qb+Zc0BFkh72OS9uuX637gniOjzU6qCDBpjB2LGY=",
        "owner": "NixOS",
        "repo": "nixpkgs",
        "rev": "ce45b591975d070044ca24e3003c830d26fea1c8",
        "type": "github"
      },
      "original": {
        "owner": "NixOS",
        "ref": "release-23.05",
        "repo": "nixpkgs",
        "type": "github"
      }
    },
    "nixpkgs_2": {
      "locked": {
        "lastModified": 1690031011,
        "narHash": "sha256-kzK0P4Smt7CL53YCdZCBbt9uBFFhE0iNvCki20etAf4=",
        "owner": "NixOS",
        "repo": "nixpkgs",
        "rev": "12303c652b881435065a98729eb7278313041e49",
        "type": "github"
      },
      "original": {
        "owner": "NixOS",
        "ref": "nixos-unstable",
        "repo": "nixpkgs",
        "type": "github"
      }
    },
    "nixpkgs_3": {
      "locked": {
        "lastModified": 1690789960,
        "narHash": "sha256-3K+2HuyGTiJUSZNJxXXvc0qj4xFx1FHC/ItYtEa7/Xs=",
        "owner": "nixos",
        "repo": "nixpkgs",
        "rev": "fb942492b7accdee4e6d17f5447091c65897dde4",
        "type": "github"
      },
      "original": {
        "owner": "nixos",
        "ref": "nixos-unstable",
        "repo": "nixpkgs",
        "type": "github"
      }
    },
    "root": {
      "inputs": {
        "darwin": "darwin",
        "doom-emacs": "doom-emacs",
        "emacs-overlay": "emacs-overlay",
        "gomodifytags": "gomodifytags",
        "gore": "gore",
        "gotests": "gotests",
        "gotools": "gotools",
        "home-manager": "home-manager",
        "nixpkgs": "nixpkgs_3",
        "nixpkgs-small": "nixpkgs-small",
        "nixpkgs-stable": "nixpkgs-stable_2",
        "sops-nix": "sops-nix",
        "stumpwm": "stumpwm"
      }
    },
    "sops-nix": {
      "inputs": {
        "nixpkgs": [
          "nixpkgs"
        ],
        "nixpkgs-stable": "nixpkgs-stable_3"
      },
      "locked": {
        "lastModified": 1690199016,
        "narHash": "sha256-yTLL72q6aqGmzHq+C3rDp3rIjno7EJZkFLof6Ika7cE=",
        "owner": "Mic92",
        "repo": "sops-nix",
        "rev": "c36df4fe4bf4bb87759b1891cab21e7a05219500",
        "type": "github"
      },
      "original": {
        "owner": "Mic92",
        "repo": "sops-nix",
        "type": "github"
      }
    },
    "stumpwm": {
      "flake": false,
      "locked": {
        "lastModified": 1669075998,
        "narHash": "sha256-zXj17ucgyFhv7P0qEr4cYSVRPGrL1KEIofXWN2trr/M=",
        "owner": "stumpwm",
        "repo": "stumpwm",
        "rev": "fff2508fd54b4035b0d80bafbd75a13f1756130f",
        "type": "github"
      },
      "original": {
        "owner": "stumpwm",
        "repo": "stumpwm",
        "rev": "fff2508fd54b4035b0d80bafbd75a13f1756130f",
        "type": "github"
      }
    },
    "systems": {
      "locked": {
        "lastModified": 1681028828,
        "narHash": "sha256-Vy1rq5AaRuLzOxct8nz4T6wlgyUR7zLU309k9mBC768=",
        "owner": "nix-systems",
        "repo": "default",
        "rev": "da67096a3b9bf56a91d16901293e51ba5b49a27e",
        "type": "github"
      },
      "original": {
        "owner": "nix-systems",
        "repo": "default",
        "type": "github"
      }
    }
  },
  "root": "root",
  "version": 7
}
